{
  "originHash" : "873abc8f3bfa71a702ce3cb8b96a515e106f1988bd92faf28819745d32ecb17b",
  "pins" : [
    {
      "identity" : "cachedasyncimage991",
      "kind" : "remoteSourceControl",
      "location" : "https://github.com/OlegEremenko991/CachedAsyncImage991",
      "state" : {
        "revision" : "12bda834918a32f4eb52af5bfe4aedac0284390d",
        "version" : "1.4.0"
      }
    }
  ],
  "version" : 3
}
