{
  "pins" : [
    {
      "identity" : "cachedasyncimage991",
      "kind" : "remoteSourceControl",
      "location" : "https://github.com/OlegEremenko991/CachedAsyncImage991",
      "state" : {
        "revision" : "7c625daaadea6c56f2c739af70374c0b7ca41112",
        "version" : "1.2.0"
      }
    }
  ],
  "version" : 2
}
