{
  "pins" : [
    {
      "identity" : "cachedasyncimage991",
      "kind" : "remoteSourceControl",
      "location" : "https://github.com/OlegEremenko991/CachedAsyncImage991",
      "state" : {
        "revision" : "e308c3519417eba297c26b1d7c41eae20ccbf0e1",
        "version" : "1.1.0"
      }
    }
  ],
  "version" : 2
}
